
Microsoft Visual Studio Solution File, Format Version 12.00
# Visual Studio Version 17
VisualStudioVersion = 17.11.35222.181
MinimumVisualStudioVersion = 10.0.40219.1
Project("{FAE04EC0-301F-11D3-BF4B-00C04F79EFBC}") = "hotel_management_API", "hotel_management_API.csproj", "{8AB39F86-E936-4AD8-ABD0-8A2EC6CD6348}"
EndProject
Global
	GlobalSection(SolutionConfigurationPlatforms) = preSolution
		Debug|Any CPU = Debug|Any CPU
		Release|Any CPU = Release|Any CPU
	EndGlobalSection
	GlobalSection(ProjectConfigurationPlatforms) = postSolution
		{8AB39F86-E936-4AD8-ABD0-8A2EC6CD6348}.Debug|Any CPU.ActiveCfg = Debug|Any CPU
		{8AB39F86-E936-4AD8-ABD0-8A2EC6CD6348}.Debug|Any CPU.Build.0 = Debug|Any CPU
		{8AB39F86-E936-4AD8-ABD0-8A2EC6CD6348}.Release|Any CPU.ActiveCfg = Release|Any CPU
		{8AB39F86-E936-4AD8-ABD0-8A2EC6CD6348}.Release|Any CPU.Build.0 = Release|Any CPU
	EndGlobalSection
	GlobalSection(SolutionProperties) = preSolution
		HideSolutionNode = FALSE
	EndGlobalSection
	GlobalSection(ExtensibilityGlobals) = postSolution
		SolutionGuid = {AFB574F1-6B0F-4A2E-B567-A5D22D805EDC}
	EndGlobalSection
EndGlobal
